
Microsoft Visual Studio Solution File, Format Version 12.00
# Visual Studio 15
VisualStudioVersion = 15.0.28307.329
MinimumVisualStudioVersion = 10.0.40219.1
Project("{9A19103F-16F7-4668-BE54-9A1E7A4F7556}") = "SharpBCH", "SharpBCH\SharpBCH.csproj", "{60DDBF79-401A-49A7-8E5F-C117965216F1}"
EndProject
Project("{FAE04EC0-301F-11D3-BF4B-00C04F79EFBC}") = "SharpBCHDemo", "SharpBCHDemo\SharpBCHDemo.csproj", "{917BFCE3-E300-4177-8FFF-E3FC04800127}"
EndProject
Global
	GlobalSection(SolutionConfigurationPlatforms) = preSolution
		Debug|Any CPU = Debug|Any CPU
		Release|Any CPU = Release|Any CPU
	EndGlobalSection
	GlobalSection(ProjectConfigurationPlatforms) = postSolution
		{60DDBF79-401A-49A7-8E5F-C117965216F1}.Debug|Any CPU.ActiveCfg = Debug|Any CPU
		{60DDBF79-401A-49A7-8E5F-C117965216F1}.Debug|Any CPU.Build.0 = Debug|Any CPU
		{60DDBF79-401A-49A7-8E5F-C117965216F1}.Release|Any CPU.ActiveCfg = Release|Any CPU
		{60DDBF79-401A-49A7-8E5F-C117965216F1}.Release|Any CPU.Build.0 = Release|Any CPU
		{917BFCE3-E300-4177-8FFF-E3FC04800127}.Debug|Any CPU.ActiveCfg = Debug|Any CPU
		{917BFCE3-E300-4177-8FFF-E3FC04800127}.Debug|Any CPU.Build.0 = Debug|Any CPU
		{917BFCE3-E300-4177-8FFF-E3FC04800127}.Release|Any CPU.ActiveCfg = Release|Any CPU
		{917BFCE3-E300-4177-8FFF-E3FC04800127}.Release|Any CPU.Build.0 = Release|Any CPU
	EndGlobalSection
	GlobalSection(SolutionProperties) = preSolution
		HideSolutionNode = FALSE
	EndGlobalSection
	GlobalSection(ExtensibilityGlobals) = postSolution
		SolutionGuid = {23E56E31-590A-41DD-AB2F-F869EE94FEC3}
	EndGlobalSection
EndGlobal
